
Microsoft Visual Studio Solution File, Format Version 12.00
# Visual Studio Version 17
VisualStudioVersion = 17.10.35122.118
MinimumVisualStudioVersion = 10.0.40219.1
Project("{FAE04EC0-301F-11D3-BF4B-00C04F79EFBC}") = "Closetly", "Closetly\Closetly.csproj", "{4AB6244F-B761-442B-8EB5-C1FC637CB049}"
EndProject
Global
	GlobalSection(SolutionConfigurationPlatforms) = preSolution
		Debug|Any CPU = Debug|Any CPU
		Release|Any CPU = Release|Any CPU
	EndGlobalSection
	GlobalSection(ProjectConfigurationPlatforms) = postSolution
		{4AB6244F-B761-442B-8EB5-C1FC637CB049}.Debug|Any CPU.ActiveCfg = Debug|Any CPU
		{4AB6244F-B761-442B-8EB5-C1FC637CB049}.Debug|Any CPU.Build.0 = Debug|Any CPU
		{4AB6244F-B761-442B-8EB5-C1FC637CB049}.Release|Any CPU.ActiveCfg = Release|Any CPU
		{4AB6244F-B761-442B-8EB5-C1FC637CB049}.Release|Any CPU.Build.0 = Release|Any CPU
	EndGlobalSection
	GlobalSection(SolutionProperties) = preSolution
		HideSolutionNode = FALSE
	EndGlobalSection
	GlobalSection(ExtensibilityGlobals) = postSolution
		SolutionGuid = {A7A65917-9DFB-4AEC-9B45-693D9F90B040}
	EndGlobalSection
EndGlobal
